
Microsoft Visual Studio Solution File, Format Version 12.00
# Visual Studio Version 17
VisualStudioVersion = 17.5.33530.505
MinimumVisualStudioVersion = 10.0.40219.1
Project("{FAE04EC0-301F-11D3-BF4B-00C04F79EFBC}") = "funcionalidades_documento", "funcionalidades_documento\funcionalidades_documento.csproj", "{1BF5BEF2-485A-4C20-9B26-6059B3CCF2B1}"
EndProject
Project("{FAE04EC0-301F-11D3-BF4B-00C04F79EFBC}") = "inicializador_proyecto", "inicializador_proyecto\inicializador_proyecto.csproj", "{62A3A1F1-A697-4706-AB4C-44358E747F73}"
EndProject
Global
	GlobalSection(SolutionConfigurationPlatforms) = preSolution
		Debug|Any CPU = Debug|Any CPU
		Release|Any CPU = Release|Any CPU
	EndGlobalSection
	GlobalSection(ProjectConfigurationPlatforms) = postSolution
		{1BF5BEF2-485A-4C20-9B26-6059B3CCF2B1}.Debug|Any CPU.ActiveCfg = Debug|Any CPU
		{1BF5BEF2-485A-4C20-9B26-6059B3CCF2B1}.Debug|Any CPU.Build.0 = Debug|Any CPU
		{1BF5BEF2-485A-4C20-9B26-6059B3CCF2B1}.Release|Any CPU.ActiveCfg = Release|Any CPU
		{1BF5BEF2-485A-4C20-9B26-6059B3CCF2B1}.Release|Any CPU.Build.0 = Release|Any CPU
		{62A3A1F1-A697-4706-AB4C-44358E747F73}.Debug|Any CPU.ActiveCfg = Debug|Any CPU
		{62A3A1F1-A697-4706-AB4C-44358E747F73}.Debug|Any CPU.Build.0 = Debug|Any CPU
		{62A3A1F1-A697-4706-AB4C-44358E747F73}.Release|Any CPU.ActiveCfg = Release|Any CPU
		{62A3A1F1-A697-4706-AB4C-44358E747F73}.Release|Any CPU.Build.0 = Release|Any CPU
	EndGlobalSection
	GlobalSection(SolutionProperties) = preSolution
		HideSolutionNode = FALSE
	EndGlobalSection
	GlobalSection(ExtensibilityGlobals) = postSolution
		SolutionGuid = {A03B3839-A79D-4FDB-9F2D-A747E6ACDF2D}
	EndGlobalSection
EndGlobal
